{
  "originHash" : "973a1f943750cec3146d29371dd38d2990d950664fb8854aee97be23ce20c4c5",
  "pins" : [
    {
      "identity" : "swift-argument-parser",
      "kind" : "remoteSourceControl",
      "location" : "https://github.com/apple/swift-argument-parser",
      "state" : {
        "revision" : "6a52f3251125d74daf04fcbd5e6f08a75d074382",
        "version" : "1.8.2"
      }
    },
    {
      "identity" : "swift-binary-parsing",
      "kind" : "remoteSourceControl",
      "location" : "https://github.com/apple/swift-binary-parsing",
      "state" : {
        "revision" : "2655f40f579c686d44687ac4fed54c73c3c4be2e",
        "version" : "0.0.2"
      }
    },
    {
      "identity" : "swift-lingo",
      "kind" : "remoteSourceControl",
      "location" : "https://github.com/MillerTechnologyPeru/swift-lingo",
      "state" : {
        "revision" : "2c9ae84b0ec8ff0cc61ee831997c44bda5ef8cbe",
        "version" : "0.2.1"
      }
    },
    {
      "identity" : "swift-syntax",
      "kind" : "remoteSourceControl",
      "location" : "https://github.com/swiftlang/swift-syntax.git",
      "state" : {
        "revision" : "4799286537280063c85a32f09884cfbca301b1a1",
        "version" : "602.0.0"
      }
    }
  ],
  "version" : 3
}
